
Microsoft Visual Studio Solution File, Format Version 12.00
# Visual Studio Version 17
VisualStudioVersion = 17.0.31903.59
MinimumVisualStudioVersion = 10.0.40219.1
Project("{54A90642-561A-4BB1-A94E-469ADEE60C69}") = "notes.frontend", "notes.frontend\notes.frontend.esproj", "{C125ADE4-61B4-26D8-23D1-D00F20CC3DBA}"
EndProject
Project("{FAE04EC0-301F-11D3-BF4B-00C04F79EFBC}") = "Notes.Api", "Notes.Api\Notes.Api.csproj", "{A9AE0D3F-2177-88F2-3A7D-0C2ABC431B83}"
EndProject
Global
	GlobalSection(SolutionConfigurationPlatforms) = preSolution
		Debug|Any CPU = Debug|Any CPU
		Release|Any CPU = Release|Any CPU
	EndGlobalSection
	GlobalSection(ProjectConfigurationPlatforms) = postSolution
		{C125ADE4-61B4-26D8-23D1-D00F20CC3DBA}.Debug|Any CPU.ActiveCfg = Debug|Any CPU
		{C125ADE4-61B4-26D8-23D1-D00F20CC3DBA}.Debug|Any CPU.Build.0 = Debug|Any CPU
		{C125ADE4-61B4-26D8-23D1-D00F20CC3DBA}.Debug|Any CPU.Deploy.0 = Debug|Any CPU
		{C125ADE4-61B4-26D8-23D1-D00F20CC3DBA}.Release|Any CPU.ActiveCfg = Release|Any CPU
		{C125ADE4-61B4-26D8-23D1-D00F20CC3DBA}.Release|Any CPU.Build.0 = Release|Any CPU
		{C125ADE4-61B4-26D8-23D1-D00F20CC3DBA}.Release|Any CPU.Deploy.0 = Release|Any CPU
		{A9AE0D3F-2177-88F2-3A7D-0C2ABC431B83}.Debug|Any CPU.ActiveCfg = Debug|Any CPU
		{A9AE0D3F-2177-88F2-3A7D-0C2ABC431B83}.Debug|Any CPU.Build.0 = Debug|Any CPU
		{A9AE0D3F-2177-88F2-3A7D-0C2ABC431B83}.Release|Any CPU.ActiveCfg = Release|Any CPU
		{A9AE0D3F-2177-88F2-3A7D-0C2ABC431B83}.Release|Any CPU.Build.0 = Release|Any CPU
	EndGlobalSection
	GlobalSection(SolutionProperties) = preSolution
		HideSolutionNode = FALSE
	EndGlobalSection
EndGlobal
